<?xml version="1.0" encoding="utf-8"?>
<Project ToolsVersion="4.0" xmlns="http://schemas.microsoft.com/developer/msbuild/2003">
  <ItemGroup>
    <Filter Include="源文件">
      <UniqueIdentifier>{4FC737F1-C7A5-4376-A066-2A32D752A2FF}</UniqueIdentifier>
      <Extensions>cpp;c;cc;cxx;c++;cppm;ixx;def;odl;idl;hpj;bat;asm;asmx</Extensions>
    </Filter>
    <Filter Include="头文件">
      <UniqueIdentifier>{93995380-89BD-4b04-88EB-625FBE52EBFB}</UniqueIdentifier>
      <Extensions>h;hh;hpp;hxx;h++;hm;inl;inc;ipp;xsd</Extensions>
    </Filter>
    <Filter Include="资源文件">
      <UniqueIdentifier>{67DA6AB6-F800-4c08-8B7A-83BB121AAD01}</UniqueIdentifier>
      <Extensions>rc;ico;cur;bmp;dlg;rc2;rct;bin;rgs;gif;jpg;jpeg;jpe;resx;tiff;tif;png;wav;mfcribbon-ms</Extensions>
    </Filter>
    <Filter Include="imgui">
      <UniqueIdentifier>{57ba6a7d-482b-45c7-9d5d-e1a3ec570e1b}</UniqueIdentifier>
    </Filter>
    <Filter Include="源文件\resources">
      <UniqueIdentifier>{0bcecec6-15e9-47af-b35c-f1f3112d618b}</UniqueIdentifier>
    </Filter>
    <Filter Include="源文件\cuda">
      <UniqueIdentifier>{2cb894a4-16ee-45c2-9e89-183883add498}</UniqueIdentifier>
    </Filter>
  </ItemGroup>
  <ItemGroup>
    <ClCompile Include="main.cpp">
      <Filter>源文件</Filter>
    </ClCompile>
    <ClCompile Include="Window.cpp">
      <Filter>源文件</Filter>
    </ClCompile>
    <ClCompile Include="glad.c">
      <Filter>源文件</Filter>
    </ClCompile>
    <ClCompile Include="..\..\..\libraries\imgui-1.87\imgui.cpp">
      <Filter>imgui</Filter>
    </ClCompile>
    <ClCompile Include="..\..\..\libraries\imgui-1.87\imgui_demo.cpp">
      <Filter>imgui</Filter>
    </ClCompile>
    <ClCompile Include="..\..\..\libraries\imgui-1.87\imgui_draw.cpp">
      <Filter>imgui</Filter>
    </ClCompile>
    <ClCompile Include="..\..\..\libraries\imgui-1.87\imgui_tables.cpp">
      <Filter>imgui</Filter>
    </ClCompile>
    <ClCompile Include="..\..\..\libraries\imgui-1.87\imgui_widgets.cpp">
      <Filter>imgui</Filter>
    </ClCompile>
    <ClCompile Include="..\..\..\libraries\imgui-1.87\backends\imgui_impl_glfw.cpp">
      <Filter>imgui</Filter>
    </ClCompile>
    <ClCompile Include="..\..\..\libraries\imgui-1.87\backends\imgui_impl_opengl3.cpp">
      <Filter>imgui</Filter>
    </ClCompile>
    <ClCompile Include="..\..\..\libraries\imgui_file_dialog-0.6.4\ImGuiFileDialog.cpp">
      <Filter>imgui</Filter>
    </ClCompile>
    <ClCompile Include="ResourceManager.cpp">
      <Filter>源文件</Filter>
    </ClCompile>
    <ClCompile Include="Model.cpp">
      <Filter>源文件\resources</Filter>
    </ClCompile>
    <ClCompile Include="Shader.cpp">
      <Filter>源文件\resources</Filter>
    </ClCompile>
    <ClCompile Include="Camera.cpp">
      <Filter>源文件\resources</Filter>
    </ClCompile>
    <ClCompile Include="Scene.cpp">
      <Filter>源文件\resources</Filter>
    </ClCompile>
    <ClCompile Include="EnvMap.cpp">
      <Filter>源文件\resources</Filter>
    </ClCompile>
  </ItemGroup>
  <ItemGroup>
    <ClInclude Include="Window.h">
      <Filter>头文件</Filter>
    </ClInclude>
    <ClInclude Include="ResourceManager.h">
      <Filter>头文件</Filter>
    </ClInclude>
    <ClInclude Include="Model.h">
      <Filter>源文件\resources</Filter>
    </ClInclude>
    <ClInclude Include="Shader.h">
      <Filter>源文件\resources</Filter>
    </ClInclude>
    <ClInclude Include="Camera.h">
      <Filter>源文件\resources</Filter>
    </ClInclude>
    <ClInclude Include="Scene.h">
      <Filter>源文件\resources</Filter>
    </ClInclude>
    <ClInclude Include="EnvMap.h">
      <Filter>源文件\resources</Filter>
    </ClInclude>
    <ClInclude Include="SHSampler.cuh">
      <Filter>源文件\resources</Filter>
    </ClInclude>
  </ItemGroup>
  <ItemGroup>
    <CudaCompile Include="CudaPtr.cuh">
      <Filter>源文件\cuda</Filter>
    </CudaCompile>
    <CudaCompile Include="algorithms.cu">
      <Filter>源文件\cuda</Filter>
    </CudaCompile>
    <CudaCompile Include="algorithms.cuh">
      <Filter>源文件\cuda</Filter>
    </CudaCompile>
    <CudaCompile Include="SHSampler.cu">
      <Filter>源文件\resources</Filter>
    </CudaCompile>
  </ItemGroup>
</Project>